// !$*UTF8*$!
{
	archiveVersion = 1;
	classes = {
	};
	objectVersion = 46;
	objects = {

/* Begin PBXBuildFile section */
		822BA7651A81EEA100E19A90 /* AppDelegate.swift in Sources */ = {isa = PBXBuildFile; fileRef = 822BA7641A81EEA100E19A90 /* AppDelegate.swift */; };
		822BA7671A81EEA100E19A90 /* ViewController.swift in Sources */ = {isa = PBXBuildFile; fileRef = 822BA7661A81EEA100E19A90 /* ViewController.swift */; };
		822BA76A1A81EEA200E19A90 /* osxapp.xcdatamodeld in Sources */ = {isa = PBXBuildFile; fileRef = 822BA7681A81EEA200E19A90 /* osxapp.xcdatamodeld */; };
		822BA76C1A81EEA200E19A90 /* Images.xcassets in Resources */ = {isa = PBXBuildFile; fileRef = 822BA76B1A81EEA200E19A90 /* Images.xcassets */; };
		822BA76F1A81EEA200E19A90 /* Main.storyboard in Resources */ = {isa = PBXBuildFile; fileRef = 822BA76D1A81EEA200E19A90 /* Main.storyboard */; };
		822BA77B1A81EEA300E19A90 /* osxappTests.swift in Sources */ = {isa = PBXBuildFile; fileRef = 822BA77A1A81EEA300E19A90 /* osxappTests.swift */; };
/* End PBXBuildFile section */

/* Begin PBXContainerItemProxy section */
		822BA7751A81EEA300E19A90 /* PBXContainerItemProxy */ = {
			isa = PBXContainerItemProxy;
			containerPortal = 822BA7571A81EE9F00E19A90 /* Project object */;
			proxyType = 1;
			remoteGlobalIDString = 822BA75E1A81EEA000E19A90;
			remoteInfo = osxapp;
		};
/* End PBXContainerItemProxy section */

/* Begin PBXFileReference section */
		822BA75F1A81EEA000E19A90 /* osxapp.app */ = {isa = PBXFileReference; explicitFileType = wrapper.application; includeInIndex = 0; path = osxapp.app; sourceTree = BUILT_PRODUCTS_DIR; };
		822BA7631A81EEA100E19A90 /* Info.plist */ = {isa = PBXFileReference; lastKnownFileType = text.plist.xml; path = Info.plist; sourceTree = "<group>"; };
		822BA7641A81EEA100E19A90 /* AppDelegate.swift */ = {isa = PBXFileReference; lastKnownFileType = sourcecode.swift; path = AppDelegate.swift; sourceTree = "<group>"; };
		822BA7661A81EEA100E19A90 /* ViewController.swift */ = {isa = PBXFileReference; lastKnownFileType = sourcecode.swift; path = ViewController.swift; sourceTree = "<group>"; };
		822BA7691A81EEA200E19A90 /* osxapp.xcdatamodel */ = {isa = PBXFileReference; lastKnownFileType = wrapper.xcdatamodel; path = osxapp.xcdatamodel; sourceTree = "<group>"; };
		822BA76B1A81EEA200E19A90 /* Images.xcassets */ = {isa = PBXFileReference; lastKnownFileType = folder.assetcatalog; path = Images.xcassets; sourceTree = "<group>"; };
		822BA76E1A81EEA200E19A90 /* Base */ = {isa = PBXFileReference; lastKnownFileType = file.storyboard; name = Base; path = Base.lproj/Main.storyboard; sourceTree = "<group>"; };
		822BA7741A81EEA300E19A90 /* osxappTests.xctest */ = {isa = PBXFileReference; explicitFileType = wrapper.cfbundle; includeInIndex = 0; path = osxappTests.xctest; sourceTree = BUILT_PRODUCTS_DIR; };
		822BA7791A81EEA300E19A90 /* Info.plist */ = {isa = PBXFileReference; lastKnownFileType = text.plist.xml; path = Info.plist; sourceTree = "<group>"; };
		822BA77A1A81EEA300E19A90 /* osxappTests.swift */ = {isa = PBXFileReference; lastKnownFileType = sourcecode.swift; path = osxappTests.swift; sourceTree = "<group>"; };
/* End PBXFileReference section */

/* Begin PBXFrameworksBuildPhase section */
		822BA75C1A81EEA000E19A90 /* Frameworks */ = {
			isa = PBXFrameworksBuildPhase;
			buildActionMask = 2147483647;
			files = (
			);
			runOnlyForDeploymentPostprocessing = 0;
		};
		822BA7711A81EEA300E19A90 /* Frameworks */ = {
			isa = PBXFrameworksBuildPhase;
			buildActionMask = 2147483647;
			files = (
			);
			runOnlyForDeploymentPostprocessing = 0;
		};
/* End PBXFrameworksBuildPhase section */

/* Begin PBXGroup section */
		822BA7561A81EE9F00E19A90 = {
			isa = PBXGroup;
			children = (
				822BA7611A81EEA000E19A90 /* osxapp */,
				822BA7771A81EEA300E19A90 /* osxappTests */,
				822BA7601A81EEA000E19A90 /* Products */,
			);
			sourceTree = "<group>";
		};
		822BA7601A81EEA000E19A90 /* Products */ = {
			isa = PBXGroup;
			children = (
				822BA75F1A81EEA000E19A90 /* osxapp.app */,
				822BA7741A81EEA300E19A90 /* osxappTests.xctest */,
			);
			name = Products;
			sourceTree = "<group>";
		};
		822BA7611A81EEA000E19A90 /* osxapp */ = {
			isa = PBXGroup;
			children = (
				822BA7641A81EEA100E19A90 /* AppDelegate.swift */,
				822BA7661A81EEA100E19A90 /* ViewController.swift */,
				822BA76B1A81EEA200E19A90 /* Images.xcassets */,
				822BA76D1A81EEA200E19A90 /* Main.storyboard */,
				822BA7681A81EEA200E19A90 /* osxapp.xcdatamodeld */,
				822BA7621A81EEA000E19A90 /* Supporting Files */,
			);
			path = osxapp;
			sourceTree = "<group>";
		};
		822BA7621A81EEA000E19A90 /* Supporting Files */ = {
			isa = PBXGroup;
			children = (
				822BA7631A81EEA100E19A90 /* Info.plist */,
			);
			name = "Supporting Files";
			sourceTree = "<group>";
		};
		822BA7771A81EEA300E19A90 /* osxappTests */ = {
			isa = PBXGroup;
			children = (
				822BA77A1A81EEA300E19A90 /* osxappTests.swift */,
				822BA7781A81EEA300E19A90 /* Supporting Files */,
			);
			path = osxappTests;
			sourceTree = "<group>";
		};
		822BA7781A81EEA300E19A90 /* Supporting Files */ = {
			isa = PBXGroup;
			children = (
				822BA7791A81EEA300E19A90 /* Info.plist */,
			);
			name = "Supporting Files";
			sourceTree = "<group>";
		};
/* End PBXGroup section */

/* Begin PBXNativeTarget section */
		822BA75E1A81EEA000E19A90 /* osxapp */ = {
			isa = PBXNativeTarget;
			buildConfigurationList = 822BA77E1A81EEA300E19A90 /* Build configuration list for PBXNativeTarget "osxapp" */;
			buildPhases = (
				822BA75B1A81EEA000E19A90 /* Sources */,
				822BA75C1A81EEA000E19A90 /* Frameworks */,
				822BA75D1A81EEA000E19A90 /* Resources */,
			);
			buildRules = (
			);
			dependencies = (
			);
			name = osxapp;
			productName = osxapp;
			productReference = 822BA75F1A81EEA000E19A90 /* osxapp.app */;
			productType = "com.apple.product-type.application";
		};
		822BA7731A81EEA300E19A90 /* osxappTests */ = {
			isa = PBXNativeTarget;
			buildConfigurationList = 822BA7811A81EEA300E19A90 /* Build configuration list for PBXNativeTarget "osxappTests" */;
			buildPhases = (
				822BA7701A81EEA300E19A90 /* Sources */,
				822BA7711A81EEA300E19A90 /* Frameworks */,
				822BA7721A81EEA300E19A90 /* Resources */,
			);
			buildRules = (
			);
			dependencies = (
				822BA7761A81EEA300E19A90 /* PBXTargetDependency */,
			);
			name = osxappTests;
			productName = osxappTests;
			productReference = 822BA7741A81EEA300E19A90 /* osxappTests.xctest */;
			productType = "com.apple.product-type.bundle.unit-test";
		};
/* End PBXNativeTarget section */

/* Begin PBXProject section */
		822BA7571A81EE9F00E19A90 /* Project object */ = {
			isa = PBXProject;
			attributes = {
				LastUpgradeCheck = 0610;
				ORGANIZATIONNAME = org.caofei;
				TargetAttributes = {
					822BA75E1A81EEA000E19A90 = {
						CreatedOnToolsVersion = 6.1.1;
					};
					822BA7731A81EEA300E19A90 = {
						CreatedOnToolsVersion = 6.1.1;
						TestTargetID = 822BA75E1A81EEA000E19A90;
					};
				};
			};
			buildConfigurationList = 822BA75A1A81EE9F00E19A90 /* Build configuration list for PBXProject "osxapp" */;
			compatibilityVersion = "Xcode 3.2";
			developmentRegion = English;
			hasScannedForEncodings = 0;
			knownRegions = (
				en,
				Base,
			);
			mainGroup = 822BA7561A81EE9F00E19A90;
			productRefGroup = 822BA7601A81EEA000E19A90 /* Products */;
			projectDirPath = "";
			projectRoot = "";
			targets = (
				822BA75E1A81EEA000E19A90 /* osxapp */,
				822BA7731A81EEA300E19A90 /* osxappTests */,
			);
		};
/* End PBXProject section */

/* Begin PBXResourcesBuildPhase section */
		822BA75D1A81EEA000E19A90 /* Resources */ = {
			isa = PBXResourcesBuildPhase;
			buildActionMask = 2147483647;
			files = (
				822BA76C1A81EEA200E19A90 /* Images.xcassets in Resources */,
				822BA76F1A81EEA200E19A90 /* Main.storyboard in Resources */,
			);
			runOnlyForDeploymentPostprocessing = 0;
		};
		822BA7721A81EEA300E19A90 /* Resources */ = {
			isa = PBXResourcesBuildPhase;
			buildActionMask = 2147483647;
			files = (
			);
			runOnlyForDeploymentPostprocessing = 0;
		};
/* End PBXResourcesBuildPhase section */

/* Begin PBXSourcesBuildPhase section */
		822BA75B1A81EEA000E19A90 /* Sources */ = {
			isa = PBXSourcesBuildPhase;
			buildActionMask = 2147483647;
			files = (
				822BA7671A81EEA100E19A90 /* ViewController.swift in Sources */,
				822BA7651A81EEA100E19A90 /* AppDelegate.swift in Sources */,
				822BA76A1A81EEA200E19A90 /* osxapp.xcdatamodeld in Sources */,
			);
			runOnlyForDeploymentPostprocessing = 0;
		};
		822BA7701A81EEA300E19A90 /* Sources */ = {
			isa = PBXSourcesBuildPhase;
			buildActionMask = 2147483647;
			files = (
				822BA77B1A81EEA300E19A90 /* osxappTests.swift in Sources */,
			);
			runOnlyForDeploymentPostprocessing = 0;
		};
/* End PBXSourcesBuildPhase section */

/* Begin PBXTargetDependency section */
		822BA7761A81EEA300E19A90 /* PBXTargetDependency */ = {
			isa = PBXTargetDependency;
			target = 822BA75E1A81EEA000E19A90 /* osxapp */;
			targetProxy = 822BA7751A81EEA300E19A90 /* PBXContainerItemProxy */;
		};
/* End PBXTargetDependency section */

/* Begin PBXVariantGroup section */
		822BA76D1A81EEA200E19A90 /* Main.storyboard */ = {
			isa = PBXVariantGroup;
			children = (
				822BA76E1A81EEA200E19A90 /* Base */,
			);
			name = Main.storyboard;
			sourceTree = "<group>";
		};
/* End PBXVariantGroup section */

/* Begin XCBuildConfiguration section */
		822BA77C1A81EEA300E19A90 /* Debug */ = {
			isa = XCBuildConfiguration;
			buildSettings = {
				ALWAYS_SEARCH_USER_PATHS = NO;
				CLANG_CXX_LANGUAGE_STANDARD = "gnu++0x";
				CLANG_CXX_LIBRARY = "libc++";
				CLANG_ENABLE_MODULES = YES;
				CLANG_ENABLE_OBJC_ARC = YES;
				CLANG_WARN_BOOL_CONVERSION = YES;
				CLANG_WARN_CONSTANT_CONVERSION = YES;
				CLANG_WARN_DIRECT_OBJC_ISA_USAGE = YES_ERROR;
				CLANG_WARN_EMPTY_BODY = YES;
				CLANG_WARN_ENUM_CONVERSION = YES;
				CLANG_WARN_INT_CONVERSION = YES;
				CLANG_WARN_OBJC_ROOT_CLASS = YES_ERROR;
				CLANG_WARN_UNREACHABLE_CODE = YES;
				CLANG_WARN__DUPLICATE_METHOD_MATCH = YES;
				CODE_SIGN_IDENTITY = "-";
				COPY_PHASE_STRIP = NO;
				ENABLE_STRICT_OBJC_MSGSEND = YES;
				GCC_C_LANGUAGE_STANDARD = gnu99;
				GCC_DYNAMIC_NO_PIC = NO;
				GCC_OPTIMIZATION_LEVEL = 0;
				GCC_PREPROCESSOR_DEFINITIONS = (
					"DEBUG=1",
					"$(inherited)",
				);
				GCC_SYMBOLS_PRIVATE_EXTERN = NO;
				GCC_WARN_64_TO_32_BIT_CONVERSION = YES;
				GCC_WARN_ABOUT_RETURN_TYPE = YES_ERROR;
				GCC_WARN_UNDECLARED_SELECTOR = YES;
				GCC_WARN_UNINITIALIZED_AUTOS = YES_AGGRESSIVE;
				GCC_WARN_UNUSED_FUNCTION = YES;
				GCC_WARN_UNUSED_VARIABLE = YES;
				MACOSX_DEPLOYMENT_TARGET = 10.10;
				MTL_ENABLE_DEBUG_INFO = YES;
				ONLY_ACTIVE_ARCH = YES;
				SDKROOT = macosx;
				SWIFT_OPTIMIZATION_LEVEL = "-Onone";
			};
			name = Debug;
		};
		822BA77D1A81EEA300E19A90 /* Release */ = {
			isa = XCBuildConfiguration;
			buildSettings = {
				ALWAYS_SEARCH_USER_PATHS = NO;
				CLANG_CXX_LANGUAGE_STANDARD = "gnu++0x";
				CLANG_CXX_LIBRARY = "libc++";
				CLANG_ENABLE_MODULES = YES;
				CLANG_ENABLE_OBJC_ARC = YES;
				CLANG_WARN_BOOL_CONVERSION = YES;
				CLANG_WARN_CONSTANT_CONVERSION = YES;
				CLANG_WARN_DIRECT_OBJC_ISA_USAGE = YES_ERROR;
				CLANG_WARN_EMPTY_BODY = YES;
				CLANG_WARN_ENUM_CONVERSION = YES;
				CLANG_WARN_INT_CONVERSION = YES;
				CLANG_WARN_OBJC_ROOT_CLASS = YES_ERROR;
				CLANG_WARN_UNREACHABLE_CODE = YES;
				CLANG_WARN__DUPLICATE_METHOD_MATCH = YES;
				CODE_SIGN_IDENTITY = "-";
				COPY_PHASE_STRIP = YES;
				DEBUG_INFORMATION_FORMAT = "dwarf-with-dsym";
				ENABLE_NS_ASSERTIONS = NO;
				ENABLE_STRICT_OBJC_MSGSEND = YES;
				GCC_C_LANGUAGE_STANDARD = gnu99;
				GCC_WARN_64_TO_32_BIT_CONVERSION = YES;
				GCC_WARN_ABOUT_RETURN_TYPE = YES_ERROR;
				GCC_WARN_UNDECLARED_SELECTOR = YES;
				GCC_WARN_UNINITIALIZED_AUTOS = YES_AGGRESSIVE;
				GCC_WARN_UNUSED_FUNCTION = YES;
				GCC_WARN_UNUSED_VARIABLE = YES;
				MACOSX_DEPLOYMENT_TARGET = 10.10;
				MTL_ENABLE_DEBUG_INFO = NO;
				SDKROOT = macosx;
			};
			name = Release;
		};
		822BA77F1A81EEA300E19A90 /* Debug */ = {
			isa = XCBuildConfiguration;
			buildSettings = {
				ASSETCATALOG_COMPILER_APPICON_NAME = AppIcon;
				COMBINE_HIDPI_IMAGES = YES;
				INFOPLIST_FILE = osxapp/Info.plist;
				LD_RUNPATH_SEARCH_PATHS = "$(inherited) @executable_path/../Frameworks";
				PRODUCT_NAME = "$(TARGET_NAME)";
			};
			name = Debug;
		};
		822BA7801A81EEA300E19A90 /* Release */ = {
			isa = XCBuildConfiguration;
			buildSettings = {
				ASSETCATALOG_COMPILER_APPICON_NAME = AppIcon;
				COMBINE_HIDPI_IMAGES = YES;
				INFOPLIST_FILE = osxapp/Info.plist;
				LD_RUNPATH_SEARCH_PATHS = "$(inherited) @executable_path/../Frameworks";
				PRODUCT_NAME = "$(TARGET_NAME)";
			};
			name = Release;
		};
		822BA7821A81EEA300E19A90 /* Debug */ = {
			isa = XCBuildConfiguration;
			buildSettings = {
				BUNDLE_LOADER = "$(TEST_HOST)";
				COMBINE_HIDPI_IMAGES = YES;
				FRAMEWORK_SEARCH_PATHS = (
					"$(DEVELOPER_FRAMEWORKS_DIR)",
					"$(inherited)",
				);
				GCC_PREPROCESSOR_DEFINITIONS = (
					"DEBUG=1",
					"$(inherited)",
				);
				INFOPLIST_FILE = osxappTests/Info.plist;
				LD_RUNPATH_SEARCH_PATHS = "$(inherited) @executable_path/../Frameworks @loader_path/../Frameworks";
				PRODUCT_NAME = "$(TARGET_NAME)";
				TEST_HOST = "$(BUILT_PRODUCTS_DIR)/osxapp.app/Contents/MacOS/osxapp";
			};
			name = Debug;
		};
		822BA7831A81EEA300E19A90 /* Release */ = {
			isa = XCBuildConfiguration;
			buildSettings = {
				BUNDLE_LOADER = "$(TEST_HOST)";
				COMBINE_HIDPI_IMAGES = YES;
				FRAMEWORK_SEARCH_PATHS = (
					"$(DEVELOPER_FRAMEWORKS_DIR)",
					"$(inherited)",
				);
				INFOPLIST_FILE = osxappTests/Info.plist;
				LD_RUNPATH_SEARCH_PATHS = "$(inherited) @executable_path/../Frameworks @loader_path/../Frameworks";
				PRODUCT_NAME = "$(TARGET_NAME)";
				TEST_HOST = "$(BUILT_PRODUCTS_DIR)/osxapp.app/Contents/MacOS/osxapp";
			};
			name = Release;
		};
/* End XCBuildConfiguration section */

/* Begin XCConfigurationList section */
		822BA75A1A81EE9F00E19A90 /* Build configuration list for PBXProject "osxapp" */ = {
			isa = XCConfigurationList;
			buildConfigurations = (
				822BA77C1A81EEA300E19A90 /* Debug */,
				822BA77D1A81EEA300E19A90 /* Release */,
			);
			defaultConfigurationIsVisible = 0;
			defaultConfigurationName = Release;
		};
		822BA77E1A81EEA300E19A90 /* Build configuration list for PBXNativeTarget "osxapp" */ = {
			isa = XCConfigurationList;
			buildConfigurations = (
				822BA77F1A81EEA300E19A90 /* Debug */,
				822BA7801A81EEA300E19A90 /* Release */,
			);
			defaultConfigurationIsVisible = 0;
		};
		822BA7811A81EEA300E19A90 /* Build configuration list for PBXNativeTarget "osxappTests" */ = {
			isa = XCConfigurationList;
			buildConfigurations = (
				822BA7821A81EEA300E19A90 /* Debug */,
				822BA7831A81EEA300E19A90 /* Release */,
			);
			defaultConfigurationIsVisible = 0;
		};
/* End XCConfigurationList section */

/* Begin XCVersionGroup section */
		822BA7681A81EEA200E19A90 /* osxapp.xcdatamodeld */ = {
			isa = XCVersionGroup;
			children = (
				822BA7691A81EEA200E19A90 /* osxapp.xcdatamodel */,
			);
			currentVersion = 822BA7691A81EEA200E19A90 /* osxapp.xcdatamodel */;
			path = osxapp.xcdatamodeld;
			sourceTree = "<group>";
			versionGroupType = wrapper.xcdatamodel;
		};
/* End XCVersionGroup section */
	};
	rootObject = 822BA7571A81EE9F00E19A90 /* Project object */;
}
